
Microsoft Visual Studio Solution File, Format Version 12.00
# Visual Studio 15
VisualStudioVersion = 15.0.28307.106
MinimumVisualStudioVersion = 10.0.40219.1
Project("{FAE04EC0-301F-11D3-BF4B-00C04F79EFBC}") = "App1.Android", "App1\App1.Android\App1.Android.csproj", "{15B83644-8BD0-4DD9-8A78-C2E413D10373}"
EndProject
Project("{FAE04EC0-301F-11D3-BF4B-00C04F79EFBC}") = "App1.iOS", "App1\App1.iOS\App1.iOS.csproj", "{4A7B4151-C2EA-41F0-BFC3-62DE5D25743B}"
EndProject
Project("{FAE04EC0-301F-11D3-BF4B-00C04F79EFBC}") = "App1.UWP", "App1\App1.UWP\App1.UWP.csproj", "{5E8A4715-D6AA-4A47-9119-3B65843FB486}"
EndProject
Project("{FAE04EC0-301F-11D3-BF4B-00C04F79EFBC}") = "App1", "App1\App1\App1.csproj", "{6BCB563B-ED4B-472A-997F-788798264CE8}"
EndProject
Global
	GlobalSection(SolutionConfigurationPlatforms) = preSolution
		Ad-Hoc|Any CPU = Ad-Hoc|Any CPU
		Ad-Hoc|ARM = Ad-Hoc|ARM
		Ad-Hoc|iPhone = Ad-Hoc|iPhone
		Ad-Hoc|iPhoneSimulator = Ad-Hoc|iPhoneSimulator
		Ad-Hoc|x64 = Ad-Hoc|x64
		Ad-Hoc|x86 = Ad-Hoc|x86
		AppStore|Any CPU = AppStore|Any CPU
		AppStore|ARM = AppStore|ARM
		AppStore|iPhone = AppStore|iPhone
		AppStore|iPhoneSimulator = AppStore|iPhoneSimulator
		AppStore|x64 = AppStore|x64
		AppStore|x86 = AppStore|x86
		Debug|Any CPU = Debug|Any CPU
		Debug|ARM = Debug|ARM
		Debug|iPhone = Debug|iPhone
		Debug|iPhoneSimulator = Debug|iPhoneSimulator
		Debug|x64 = Debug|x64
		Debug|x86 = Debug|x86
		Release|Any CPU = Release|Any CPU
		Release|ARM = Release|ARM
		Release|iPhone = Release|iPhone
		Release|iPhoneSimulator = Release|iPhoneSimulator
		Release|x64 = Release|x64
		Release|x86 = Release|x86
	EndGlobalSection
	GlobalSection(ProjectConfigurationPlatforms) = postSolution
		{15B83644-8BD0-4DD9-8A78-C2E413D10373}.Ad-Hoc|Any CPU.ActiveCfg = Release|Any CPU
		{15B83644-8BD0-4DD9-8A78-C2E413D10373}.Ad-Hoc|Any CPU.Build.0 = Release|Any CPU
		{15B83644-8BD0-4DD9-8A78-C2E413D10373}.Ad-Hoc|Any CPU.Deploy.0 = Release|Any CPU
		{15B83644-8BD0-4DD9-8A78-C2E413D10373}.Ad-Hoc|ARM.ActiveCfg = Release|Any CPU
		{15B83644-8BD0-4DD9-8A78-C2E413D10373}.Ad-Hoc|ARM.Build.0 = Release|Any CPU
		{15B83644-8BD0-4DD9-8A78-C2E413D10373}.Ad-Hoc|ARM.Deploy.0 = Release|Any CPU
		{15B83644-8BD0-4DD9-8A78-C2E413D10373}.Ad-Hoc|iPhone.ActiveCfg = Release|Any CPU
		{15B83644-8BD0-4DD9-8A78-C2E413D10373}.Ad-Hoc|iPhone.Build.0 = Release|Any CPU
		{15B83644-8BD0-4DD9-8A78-C2E413D10373}.Ad-Hoc|iPhone.Deploy.0 = Release|Any CPU
		{15B83644-8BD0-4DD9-8A78-C2E413D10373}.Ad-Hoc|iPhoneSimulator.ActiveCfg = Release|Any CPU
		{15B83644-8BD0-4DD9-8A78-C2E413D10373}.Ad-Hoc|iPhoneSimulator.Build.0 = Release|Any CPU
		{15B83644-8BD0-4DD9-8A78-C2E413D10373}.Ad-Hoc|iPhoneSimulator.Deploy.0 = Release|Any CPU
		{15B83644-8BD0-4DD9-8A78-C2E413D10373}.Ad-Hoc|x64.ActiveCfg = Release|Any CPU
		{15B83644-8BD0-4DD9-8A78-C2E413D10373}.Ad-Hoc|x64.Build.0 = Release|Any CPU
		{15B83644-8BD0-4DD9-8A78-C2E413D10373}.Ad-Hoc|x64.Deploy.0 = Release|Any CPU
		{15B83644-8BD0-4DD9-8A78-C2E413D10373}.Ad-Hoc|x86.ActiveCfg = Release|Any CPU
		{15B83644-8BD0-4DD9-8A78-C2E413D10373}.Ad-Hoc|x86.Build.0 = Release|Any CPU
		{15B83644-8BD0-4DD9-8A78-C2E413D10373}.Ad-Hoc|x86.Deploy.0 = Release|Any CPU
		{15B83644-8BD0-4DD9-8A78-C2E413D10373}.AppStore|Any CPU.ActiveCfg = Release|Any CPU
		{15B83644-8BD0-4DD9-8A78-C2E413D10373}.AppStore|Any CPU.Build.0 = Release|Any CPU
		{15B83644-8BD0-4DD9-8A78-C2E413D10373}.AppStore|Any CPU.Deploy.0 = Release|Any CPU
		{15B83644-8BD0-4DD9-8A78-C2E413D10373}.AppStore|ARM.ActiveCfg = Release|Any CPU
		{15B83644-8BD0-4DD9-8A78-C2E413D10373}.AppStore|ARM.Build.0 = Release|Any CPU
		{15B83644-8BD0-4DD9-8A78-C2E413D10373}.AppStore|ARM.Deploy.0 = Release|Any CPU
		{15B83644-8BD0-4DD9-8A78-C2E413D10373}.AppStore|iPhone.ActiveCfg = Release|Any CPU
		{15B83644-8BD0-4DD9-8A78-C2E413D10373}.AppStore|iPhone.Build.0 = Release|Any CPU
		{15B83644-8BD0-4DD9-8A78-C2E413D10373}.AppStore|iPhone.Deploy.0 = Release|Any CPU
		{15B83644-8BD0-4DD9-8A78-C2E413D10373}.AppStore|iPhoneSimulator.ActiveCfg = Release|Any CPU
		{15B83644-8BD0-4DD9-8A78-C2E413D10373}.AppStore|iPhoneSimulator.Build.0 = Release|Any CPU
		{15B83644-8BD0-4DD9-8A78-C2E413D10373}.AppStore|iPhoneSimulator.Deploy.0 = Release|Any CPU
		{15B83644-8BD0-4DD9-8A78-C2E413D10373}.AppStore|x64.ActiveCfg = Release|Any CPU
		{15B83644-8BD0-4DD9-8A78-C2E413D10373}.AppStore|x64.Build.0 = Release|Any CPU
		{15B83644-8BD0-4DD9-8A78-C2E413D10373}.AppStore|x64.Deploy.0 = Release|Any CPU
		{15B83644-8BD0-4DD9-8A78-C2E413D10373}.AppStore|x86.ActiveCfg = Release|Any CPU
		{15B83644-8BD0-4DD9-8A78-C2E413D10373}.AppStore|x86.Build.0 = Release|Any CPU
		{15B83644-8BD0-4DD9-8A78-C2E413D10373}.AppStore|x86.Deploy.0 = Release|Any CPU
		{15B83644-8BD0-4DD9-8A78-C2E413D10373}.Debug|Any CPU.ActiveCfg = Debug|Any CPU
		{15B83644-8BD0-4DD9-8A78-C2E413D10373}.Debug|Any CPU.Build.0 = Debug|Any CPU
		{15B83644-8BD0-4DD9-8A78-C2E413D10373}.Debug|Any CPU.Deploy.0 = Debug|Any CPU
		{15B83644-8BD0-4DD9-8A78-C2E413D10373}.Debug|ARM.ActiveCfg = Debug|Any CPU
		{15B83644-8BD0-4DD9-8A78-C2E413D10373}.Debug|ARM.Build.0 = Debug|Any CPU
		{15B83644-8BD0-4DD9-8A78-C2E413D10373}.Debug|ARM.Deploy.0 = Debug|Any CPU
		{15B83644-8BD0-4DD9-8A78-C2E413D10373}.Debug|iPhone.ActiveCfg = Debug|Any CPU
		{15B83644-8BD0-4DD9-8A78-C2E413D10373}.Debug|iPhone.Build.0 = Debug|Any CPU
		{15B83644-8BD0-4DD9-8A78-C2E413D10373}.Debug|iPhone.Deploy.0 = Debug|Any CPU
		{15B83644-8BD0-4DD9-8A78-C2E413D10373}.Debug|iPhoneSimulator.ActiveCfg = Debug|Any CPU
		{15B83644-8BD0-4DD9-8A78-C2E413D10373}.Debug|iPhoneSimulator.Build.0 = Debug|Any CPU
		{15B83644-8BD0-4DD9-8A78-C2E413D10373}.Debug|iPhoneSimulator.Deploy.0 = Debug|Any CPU
		{15B83644-8BD0-4DD9-8A78-C2E413D10373}.Debug|x64.ActiveCfg = Debug|Any CPU
		{15B83644-8BD0-4DD9-8A78-C2E413D10373}.Debug|x64.Build.0 = Debug|Any CPU
		{15B83644-8BD0-4DD9-8A78-C2E413D10373}.Debug|x64.Deploy.0 = Debug|Any CPU
		{15B83644-8BD0-4DD9-8A78-C2E413D10373}.Debug|x86.ActiveCfg = Debug|Any CPU
		{15B83644-8BD0-4DD9-8A78-C2E413D10373}.Debug|x86.Build.0 = Debug|Any CPU
		{15B83644-8BD0-4DD9-8A78-C2E413D10373}.Debug|x86.Deploy.0 = Debug|Any CPU
		{15B83644-8BD0-4DD9-8A78-C2E413D10373}.Release|Any CPU.ActiveCfg = Release|Any CPU
		{15B83644-8BD0-4DD9-8A78-C2E413D10373}.Release|Any CPU.Build.0 = Release|Any CPU
		{15B83644-8BD0-4DD9-8A78-C2E413D10373}.Release|Any CPU.Deploy.0 = Release|Any CPU
		{15B83644-8BD0-4DD9-8A78-C2E413D10373}.Release|ARM.ActiveCfg = Release|Any CPU
		{15B83644-8BD0-4DD9-8A78-C2E413D10373}.Release|ARM.Build.0 = Release|Any CPU
		{15B83644-8BD0-4DD9-8A78-C2E413D10373}.Release|ARM.Deploy.0 = Release|Any CPU
		{15B83644-8BD0-4DD9-8A78-C2E413D10373}.Release|iPhone.ActiveCfg = Release|Any CPU
		{15B83644-8BD0-4DD9-8A78-C2E413D10373}.Release|iPhone.Build.0 = Release|Any CPU
		{15B83644-8BD0-4DD9-8A78-C2E413D10373}.Release|iPhone.Deploy.0 = Release|Any CPU
		{15B83644-8BD0-4DD9-8A78-C2E413D10373}.Release|iPhoneSimulator.ActiveCfg = Release|Any CPU
		{15B83644-8BD0-4DD9-8A78-C2E413D10373}.Release|iPhoneSimulator.Build.0 = Release|Any CPU
		{15B83644-8BD0-4DD9-8A78-C2E413D10373}.Release|iPhoneSimulator.Deploy.0 = Release|Any CPU
		{15B83644-8BD0-4DD9-8A78-C2E413D10373}.Release|x64.ActiveCfg = Release|Any CPU
		{15B83644-8BD0-4DD9-8A78-C2E413D10373}.Release|x64.Build.0 = Release|Any CPU
		{15B83644-8BD0-4DD9-8A78-C2E413D10373}.Release|x64.Deploy.0 = Release|Any CPU
		{15B83644-8BD0-4DD9-8A78-C2E413D10373}.Release|x86.ActiveCfg = Release|Any CPU
		{15B83644-8BD0-4DD9-8A78-C2E413D10373}.Release|x86.Build.0 = Release|Any CPU
		{15B83644-8BD0-4DD9-8A78-C2E413D10373}.Release|x86.Deploy.0 = Release|Any CPU
		{4A7B4151-C2EA-41F0-BFC3-62DE5D25743B}.Ad-Hoc|Any CPU.ActiveCfg = Ad-Hoc|iPhone
		{4A7B4151-C2EA-41F0-BFC3-62DE5D25743B}.Ad-Hoc|Any CPU.Build.0 = Ad-Hoc|iPhone
		{4A7B4151-C2EA-41F0-BFC3-62DE5D25743B}.Ad-Hoc|Any CPU.Deploy.0 = Ad-Hoc|iPhone
		{4A7B4151-C2EA-41F0-BFC3-62DE5D25743B}.Ad-Hoc|ARM.ActiveCfg = Ad-Hoc|iPhone
		{4A7B4151-C2EA-41F0-BFC3-62DE5D25743B}.Ad-Hoc|ARM.Build.0 = Ad-Hoc|iPhone
		{4A7B4151-C2EA-41F0-BFC3-62DE5D25743B}.Ad-Hoc|ARM.Deploy.0 = Ad-Hoc|iPhone
		{4A7B4151-C2EA-41F0-BFC3-62DE5D25743B}.Ad-Hoc|iPhone.ActiveCfg = Ad-Hoc|iPhone
		{4A7B4151-C2EA-41F0-BFC3-62DE5D25743B}.Ad-Hoc|iPhone.Build.0 = Ad-Hoc|iPhone
		{4A7B4151-C2EA-41F0-BFC3-62DE5D25743B}.Ad-Hoc|iPhone.Deploy.0 = Ad-Hoc|iPhone
		{4A7B4151-C2EA-41F0-BFC3-62DE5D25743B}.Ad-Hoc|iPhoneSimulator.ActiveCfg = Ad-Hoc|iPhoneSimulator
		{4A7B4151-C2EA-41F0-BFC3-62DE5D25743B}.Ad-Hoc|iPhoneSimulator.Build.0 = Ad-Hoc|iPhoneSimulator
		{4A7B4151-C2EA-41F0-BFC3-62DE5D25743B}.Ad-Hoc|iPhoneSimulator.Deploy.0 = Ad-Hoc|iPhoneSimulator
		{4A7B4151-C2EA-41F0-BFC3-62DE5D25743B}.Ad-Hoc|x64.ActiveCfg = Ad-Hoc|iPhone
		{4A7B4151-C2EA-41F0-BFC3-62DE5D25743B}.Ad-Hoc|x64.Build.0 = Ad-Hoc|iPhone
		{4A7B4151-C2EA-41F0-BFC3-62DE5D25743B}.Ad-Hoc|x64.Deploy.0 = Ad-Hoc|iPhone
		{4A7B4151-C2EA-41F0-BFC3-62DE5D25743B}.Ad-Hoc|x86.ActiveCfg = Ad-Hoc|iPhone
		{4A7B4151-C2EA-41F0-BFC3-62DE5D25743B}.Ad-Hoc|x86.Build.0 = Ad-Hoc|iPhone
		{4A7B4151-C2EA-41F0-BFC3-62DE5D25743B}.Ad-Hoc|x86.Deploy.0 = Ad-Hoc|iPhone
		{4A7B4151-C2EA-41F0-BFC3-62DE5D25743B}.AppStore|Any CPU.ActiveCfg = AppStore|iPhone
		{4A7B4151-C2EA-41F0-BFC3-62DE5D25743B}.AppStore|Any CPU.Build.0 = AppStore|iPhone
		{4A7B4151-C2EA-41F0-BFC3-62DE5D25743B}.AppStore|Any CPU.Deploy.0 = AppStore|iPhone
		{4A7B4151-C2EA-41F0-BFC3-62DE5D25743B}.AppStore|ARM.ActiveCfg = AppStore|iPhone
		{4A7B4151-C2EA-41F0-BFC3-62DE5D25743B}.AppStore|ARM.Build.0 = AppStore|iPhone
		{4A7B4151-C2EA-41F0-BFC3-62DE5D25743B}.AppStore|ARM.Deploy.0 = AppStore|iPhone
		{4A7B4151-C2EA-41F0-BFC3-62DE5D25743B}.AppStore|iPhone.ActiveCfg = AppStore|iPhone
		{4A7B4151-C2EA-41F0-BFC3-62DE5D25743B}.AppStore|iPhone.Build.0 = AppStore|iPhone
		{4A7B4151-C2EA-41F0-BFC3-62DE5D25743B}.AppStore|iPhone.Deploy.0 = AppStore|iPhone
		{4A7B4151-C2EA-41F0-BFC3-62DE5D25743B}.AppStore|iPhoneSimulator.ActiveCfg = AppStore|iPhoneSimulator
		{4A7B4151-C2EA-41F0-BFC3-62DE5D25743B}.AppStore|iPhoneSimulator.Build.0 = AppStore|iPhoneSimulator
		{4A7B4151-C2EA-41F0-BFC3-62DE5D25743B}.AppStore|iPhoneSimulator.Deploy.0 = AppStore|iPhoneSimulator
		{4A7B4151-C2EA-41F0-BFC3-62DE5D25743B}.AppStore|x64.ActiveCfg = AppStore|iPhone
		{4A7B4151-C2EA-41F0-BFC3-62DE5D25743B}.AppStore|x64.Build.0 = AppStore|iPhone
		{4A7B4151-C2EA-41F0-BFC3-62DE5D25743B}.AppStore|x64.Deploy.0 = AppStore|iPhone
		{4A7B4151-C2EA-41F0-BFC3-62DE5D25743B}.AppStore|x86.ActiveCfg = AppStore|iPhone
		{4A7B4151-C2EA-41F0-BFC3-62DE5D25743B}.AppStore|x86.Build.0 = AppStore|iPhone
		{4A7B4151-C2EA-41F0-BFC3-62DE5D25743B}.AppStore|x86.Deploy.0 = AppStore|iPhone
		{4A7B4151-C2EA-41F0-BFC3-62DE5D25743B}.Debug|Any CPU.ActiveCfg = Debug|iPhoneSimulator
		{4A7B4151-C2EA-41F0-BFC3-62DE5D25743B}.Debug|Any CPU.Build.0 = Debug|iPhoneSimulator
		{4A7B4151-C2EA-41F0-BFC3-62DE5D25743B}.Debug|Any CPU.Deploy.0 = Debug|iPhoneSimulator
		{4A7B4151-C2EA-41F0-BFC3-62DE5D25743B}.Debug|ARM.ActiveCfg = Debug|iPhone
		{4A7B4151-C2EA-41F0-BFC3-62DE5D25743B}.Debug|ARM.Build.0 = Debug|iPhone
		{4A7B4151-C2EA-41F0-BFC3-62DE5D25743B}.Debug|ARM.Deploy.0 = Debug|iPhone
		{4A7B4151-C2EA-41F0-BFC3-62DE5D25743B}.Debug|iPhone.ActiveCfg = Debug|iPhone
		{4A7B4151-C2EA-41F0-BFC3-62DE5D25743B}.Debug|iPhone.Build.0 = Debug|iPhone
		{4A7B4151-C2EA-41F0-BFC3-62DE5D25743B}.Debug|iPhone.Deploy.0 = Debug|iPhone
		{4A7B4151-C2EA-41F0-BFC3-62DE5D25743B}.Debug|iPhoneSimulator.ActiveCfg = Debug|iPhoneSimulator
		{4A7B4151-C2EA-41F0-BFC3-62DE5D25743B}.Debug|iPhoneSimulator.Build.0 = Debug|iPhoneSimulator
		{4A7B4151-C2EA-41F0-BFC3-62DE5D25743B}.Debug|iPhoneSimulator.Deploy.0 = Debug|iPhoneSimulator
		{4A7B4151-C2EA-41F0-BFC3-62DE5D25743B}.Debug|x64.ActiveCfg = Debug|iPhone
		{4A7B4151-C2EA-41F0-BFC3-62DE5D25743B}.Debug|x64.Build.0 = Debug|iPhone
		{4A7B4151-C2EA-41F0-BFC3-62DE5D25743B}.Debug|x64.Deploy.0 = Debug|iPhone
		{4A7B4151-C2EA-41F0-BFC3-62DE5D25743B}.Debug|x86.ActiveCfg = Debug|iPhone
		{4A7B4151-C2EA-41F0-BFC3-62DE5D25743B}.Debug|x86.Build.0 = Debug|iPhone
		{4A7B4151-C2EA-41F0-BFC3-62DE5D25743B}.Debug|x86.Deploy.0 = Debug|iPhone
		{4A7B4151-C2EA-41F0-BFC3-62DE5D25743B}.Release|Any CPU.ActiveCfg = Release|iPhone
		{4A7B4151-C2EA-41F0-BFC3-62DE5D25743B}.Release|Any CPU.Build.0 = Release|iPhone
		{4A7B4151-C2EA-41F0-BFC3-62DE5D25743B}.Release|Any CPU.Deploy.0 = Release|iPhone
		{4A7B4151-C2EA-41F0-BFC3-62DE5D25743B}.Release|ARM.ActiveCfg = Release|iPhone
		{4A7B4151-C2EA-41F0-BFC3-62DE5D25743B}.Release|ARM.Build.0 = Release|iPhone
		{4A7B4151-C2EA-41F0-BFC3-62DE5D25743B}.Release|ARM.Deploy.0 = Release|iPhone
		{4A7B4151-C2EA-41F0-BFC3-62DE5D25743B}.Release|iPhone.ActiveCfg = Release|iPhone
		{4A7B4151-C2EA-41F0-BFC3-62DE5D25743B}.Release|iPhone.Build.0 = Release|iPhone
		{4A7B4151-C2EA-41F0-BFC3-62DE5D25743B}.Release|iPhone.Deploy.0 = Release|iPhone
		{4A7B4151-C2EA-41F0-BFC3-62DE5D25743B}.Release|iPhoneSimulator.ActiveCfg = Release|iPhoneSimulator
		{4A7B4151-C2EA-41F0-BFC3-62DE5D25743B}.Release|iPhoneSimulator.Build.0 = Release|iPhoneSimulator
		{4A7B4151-C2EA-41F0-BFC3-62DE5D25743B}.Release|iPhoneSimulator.Deploy.0 = Release|iPhoneSimulator
		{4A7B4151-C2EA-41F0-BFC3-62DE5D25743B}.Release|x64.ActiveCfg = Release|iPhone
		{4A7B4151-C2EA-41F0-BFC3-62DE5D25743B}.Release|x64.Build.0 = Release|iPhone
		{4A7B4151-C2EA-41F0-BFC3-62DE5D25743B}.Release|x64.Deploy.0 = Release|iPhone
		{4A7B4151-C2EA-41F0-BFC3-62DE5D25743B}.Release|x86.ActiveCfg = Release|iPhone
		{4A7B4151-C2EA-41F0-BFC3-62DE5D25743B}.Release|x86.Build.0 = Release|iPhone
		{4A7B4151-C2EA-41F0-BFC3-62DE5D25743B}.Release|x86.Deploy.0 = Release|iPhone
		{5E8A4715-D6AA-4A47-9119-3B65843FB486}.Ad-Hoc|Any CPU.ActiveCfg = Release|x86
		{5E8A4715-D6AA-4A47-9119-3B65843FB486}.Ad-Hoc|Any CPU.Build.0 = Release|x86
		{5E8A4715-D6AA-4A47-9119-3B65843FB486}.Ad-Hoc|Any CPU.Deploy.0 = Release|x86
		{5E8A4715-D6AA-4A47-9119-3B65843FB486}.Ad-Hoc|ARM.ActiveCfg = Release|ARM
		{5E8A4715-D6AA-4A47-9119-3B65843FB486}.Ad-Hoc|ARM.Build.0 = Release|ARM
		{5E8A4715-D6AA-4A47-9119-3B65843FB486}.Ad-Hoc|ARM.Deploy.0 = Release|ARM
		{5E8A4715-D6AA-4A47-9119-3B65843FB486}.Ad-Hoc|iPhone.ActiveCfg = Release|x86
		{5E8A4715-D6AA-4A47-9119-3B65843FB486}.Ad-Hoc|iPhone.Build.0 = Release|x86
		{5E8A4715-D6AA-4A47-9119-3B65843FB486}.Ad-Hoc|iPhone.Deploy.0 = Release|x86
		{5E8A4715-D6AA-4A47-9119-3B65843FB486}.Ad-Hoc|iPhoneSimulator.ActiveCfg = Release|x86
		{5E8A4715-D6AA-4A47-9119-3B65843FB486}.Ad-Hoc|iPhoneSimulator.Build.0 = Release|x86
		{5E8A4715-D6AA-4A47-9119-3B65843FB486}.Ad-Hoc|iPhoneSimulator.Deploy.0 = Release|x86
		{5E8A4715-D6AA-4A47-9119-3B65843FB486}.Ad-Hoc|x64.ActiveCfg = Release|x64
		{5E8A4715-D6AA-4A47-9119-3B65843FB486}.Ad-Hoc|x64.Build.0 = Release|x64
		{5E8A4715-D6AA-4A47-9119-3B65843FB486}.Ad-Hoc|x64.Deploy.0 = Release|x64
		{5E8A4715-D6AA-4A47-9119-3B65843FB486}.Ad-Hoc|x86.ActiveCfg = Release|x86
		{5E8A4715-D6AA-4A47-9119-3B65843FB486}.Ad-Hoc|x86.Build.0 = Release|x86
		{5E8A4715-D6AA-4A47-9119-3B65843FB486}.Ad-Hoc|x86.Deploy.0 = Release|x86
		{5E8A4715-D6AA-4A47-9119-3B65843FB486}.AppStore|Any CPU.ActiveCfg = Release|x86
		{5E8A4715-D6AA-4A47-9119-3B65843FB486}.AppStore|Any CPU.Build.0 = Release|x86
		{5E8A4715-D6AA-4A47-9119-3B65843FB486}.AppStore|Any CPU.Deploy.0 = Release|x86
		{5E8A4715-D6AA-4A47-9119-3B65843FB486}.AppStore|ARM.ActiveCfg = Release|ARM
		{5E8A4715-D6AA-4A47-9119-3B65843FB486}.AppStore|ARM.Build.0 = Release|ARM
		{5E8A4715-D6AA-4A47-9119-3B65843FB486}.AppStore|ARM.Deploy.0 = Release|ARM
		{5E8A4715-D6AA-4A47-9119-3B65843FB486}.AppStore|iPhone.ActiveCfg = Release|x86
		{5E8A4715-D6AA-4A47-9119-3B65843FB486}.AppStore|iPhone.Build.0 = Release|x86
		{5E8A4715-D6AA-4A47-9119-3B65843FB486}.AppStore|iPhone.Deploy.0 = Release|x86
		{5E8A4715-D6AA-4A47-9119-3B65843FB486}.AppStore|iPhoneSimulator.ActiveCfg = Release|x86
		{5E8A4715-D6AA-4A47-9119-3B65843FB486}.AppStore|iPhoneSimulator.Build.0 = Release|x86
		{5E8A4715-D6AA-4A47-9119-3B65843FB486}.AppStore|iPhoneSimulator.Deploy.0 = Release|x86
		{5E8A4715-D6AA-4A47-9119-3B65843FB486}.AppStore|x64.ActiveCfg = Release|x64
		{5E8A4715-D6AA-4A47-9119-3B65843FB486}.AppStore|x64.Build.0 = Release|x64
		{5E8A4715-D6AA-4A47-9119-3B65843FB486}.AppStore|x64.Deploy.0 = Release|x64
		{5E8A4715-D6AA-4A47-9119-3B65843FB486}.AppStore|x86.ActiveCfg = Release|x86
		{5E8A4715-D6AA-4A47-9119-3B65843FB486}.AppStore|x86.Build.0 = Release|x86
		{5E8A4715-D6AA-4A47-9119-3B65843FB486}.AppStore|x86.Deploy.0 = Release|x86
		{5E8A4715-D6AA-4A47-9119-3B65843FB486}.Debug|Any CPU.ActiveCfg = Debug|x86
		{5E8A4715-D6AA-4A47-9119-3B65843FB486}.Debug|Any CPU.Build.0 = Debug|x86
		{5E8A4715-D6AA-4A47-9119-3B65843FB486}.Debug|Any CPU.Deploy.0 = Debug|x86
		{5E8A4715-D6AA-4A47-9119-3B65843FB486}.Debug|ARM.ActiveCfg = Debug|ARM
		{5E8A4715-D6AA-4A47-9119-3B65843FB486}.Debug|ARM.Build.0 = Debug|ARM
		{5E8A4715-D6AA-4A47-9119-3B65843FB486}.Debug|ARM.Deploy.0 = Debug|ARM
		{5E8A4715-D6AA-4A47-9119-3B65843FB486}.Debug|iPhone.ActiveCfg = Debug|x86
		{5E8A4715-D6AA-4A47-9119-3B65843FB486}.Debug|iPhone.Build.0 = Debug|x86
		{5E8A4715-D6AA-4A47-9119-3B65843FB486}.Debug|iPhone.Deploy.0 = Debug|x86
		{5E8A4715-D6AA-4A47-9119-3B65843FB486}.Debug|iPhoneSimulator.ActiveCfg = Debug|x86
		{5E8A4715-D6AA-4A47-9119-3B65843FB486}.Debug|iPhoneSimulator.Build.0 = Debug|x86
		{5E8A4715-D6AA-4A47-9119-3B65843FB486}.Debug|iPhoneSimulator.Deploy.0 = Debug|x86
		{5E8A4715-D6AA-4A47-9119-3B65843FB486}.Debug|x64.ActiveCfg = Debug|x64
		{5E8A4715-D6AA-4A47-9119-3B65843FB486}.Debug|x64.Build.0 = Debug|x64
		{5E8A4715-D6AA-4A47-9119-3B65843FB486}.Debug|x64.Deploy.0 = Debug|x64
		{5E8A4715-D6AA-4A47-9119-3B65843FB486}.Debug|x86.ActiveCfg = Debug|x86
		{5E8A4715-D6AA-4A47-9119-3B65843FB486}.Debug|x86.Build.0 = Debug|x86
		{5E8A4715-D6AA-4A47-9119-3B65843FB486}.Debug|x86.Deploy.0 = Debug|x86
		{5E8A4715-D6AA-4A47-9119-3B65843FB486}.Release|Any CPU.ActiveCfg = Release|x86
		{5E8A4715-D6AA-4A47-9119-3B65843FB486}.Release|Any CPU.Build.0 = Release|x86
		{5E8A4715-D6AA-4A47-9119-3B65843FB486}.Release|Any CPU.Deploy.0 = Release|x86
		{5E8A4715-D6AA-4A47-9119-3B65843FB486}.Release|ARM.ActiveCfg = Release|ARM
		{5E8A4715-D6AA-4A47-9119-3B65843FB486}.Release|ARM.Build.0 = Release|ARM
		{5E8A4715-D6AA-4A47-9119-3B65843FB486}.Release|ARM.Deploy.0 = Release|ARM
		{5E8A4715-D6AA-4A47-9119-3B65843FB486}.Release|iPhone.ActiveCfg = Release|x86
		{5E8A4715-D6AA-4A47-9119-3B65843FB486}.Release|iPhone.Build.0 = Release|x86
		{5E8A4715-D6AA-4A47-9119-3B65843FB486}.Release|iPhone.Deploy.0 = Release|x86
		{5E8A4715-D6AA-4A47-9119-3B65843FB486}.Release|iPhoneSimulator.ActiveCfg = Release|x86
		{5E8A4715-D6AA-4A47-9119-3B65843FB486}.Release|iPhoneSimulator.Build.0 = Release|x86
		{5E8A4715-D6AA-4A47-9119-3B65843FB486}.Release|iPhoneSimulator.Deploy.0 = Release|x86
		{5E8A4715-D6AA-4A47-9119-3B65843FB486}.Release|x64.ActiveCfg = Release|x64
		{5E8A4715-D6AA-4A47-9119-3B65843FB486}.Release|x64.Build.0 = Release|x64
		{5E8A4715-D6AA-4A47-9119-3B65843FB486}.Release|x64.Deploy.0 = Release|x64
		{5E8A4715-D6AA-4A47-9119-3B65843FB486}.Release|x86.ActiveCfg = Release|x86
		{5E8A4715-D6AA-4A47-9119-3B65843FB486}.Release|x86.Build.0 = Release|x86
		{5E8A4715-D6AA-4A47-9119-3B65843FB486}.Release|x86.Deploy.0 = Release|x86
		{6BCB563B-ED4B-472A-997F-788798264CE8}.Ad-Hoc|Any CPU.ActiveCfg = Debug|Any CPU
		{6BCB563B-ED4B-472A-997F-788798264CE8}.Ad-Hoc|Any CPU.Build.0 = Debug|Any CPU
		{6BCB563B-ED4B-472A-997F-788798264CE8}.Ad-Hoc|Any CPU.Deploy.0 = Debug|Any CPU
		{6BCB563B-ED4B-472A-997F-788798264CE8}.Ad-Hoc|ARM.ActiveCfg = Debug|Any CPU
		{6BCB563B-ED4B-472A-997F-788798264CE8}.Ad-Hoc|ARM.Build.0 = Debug|Any CPU
		{6BCB563B-ED4B-472A-997F-788798264CE8}.Ad-Hoc|ARM.Deploy.0 = Debug|Any CPU
		{6BCB563B-ED4B-472A-997F-788798264CE8}.Ad-Hoc|iPhone.ActiveCfg = Debug|Any CPU
		{6BCB563B-ED4B-472A-997F-788798264CE8}.Ad-Hoc|iPhone.Build.0 = Debug|Any CPU
		{6BCB563B-ED4B-472A-997F-788798264CE8}.Ad-Hoc|iPhone.Deploy.0 = Debug|Any CPU
		{6BCB563B-ED4B-472A-997F-788798264CE8}.Ad-Hoc|iPhoneSimulator.ActiveCfg = Debug|Any CPU
		{6BCB563B-ED4B-472A-997F-788798264CE8}.Ad-Hoc|iPhoneSimulator.Build.0 = Debug|Any CPU
		{6BCB563B-ED4B-472A-997F-788798264CE8}.Ad-Hoc|iPhoneSimulator.Deploy.0 = Debug|Any CPU
		{6BCB563B-ED4B-472A-997F-788798264CE8}.Ad-Hoc|x64.ActiveCfg = Debug|Any CPU
		{6BCB563B-ED4B-472A-997F-788798264CE8}.Ad-Hoc|x64.Build.0 = Debug|Any CPU
		{6BCB563B-ED4B-472A-997F-788798264CE8}.Ad-Hoc|x64.Deploy.0 = Debug|Any CPU
		{6BCB563B-ED4B-472A-997F-788798264CE8}.Ad-Hoc|x86.ActiveCfg = Debug|Any CPU
		{6BCB563B-ED4B-472A-997F-788798264CE8}.Ad-Hoc|x86.Build.0 = Debug|Any CPU
		{6BCB563B-ED4B-472A-997F-788798264CE8}.Ad-Hoc|x86.Deploy.0 = Debug|Any CPU
		{6BCB563B-ED4B-472A-997F-788798264CE8}.AppStore|Any CPU.ActiveCfg = Debug|Any CPU
		{6BCB563B-ED4B-472A-997F-788798264CE8}.AppStore|Any CPU.Build.0 = Debug|Any CPU
		{6BCB563B-ED4B-472A-997F-788798264CE8}.AppStore|Any CPU.Deploy.0 = Debug|Any CPU
		{6BCB563B-ED4B-472A-997F-788798264CE8}.AppStore|ARM.ActiveCfg = Debug|Any CPU
		{6BCB563B-ED4B-472A-997F-788798264CE8}.AppStore|ARM.Build.0 = Debug|Any CPU
		{6BCB563B-ED4B-472A-997F-788798264CE8}.AppStore|ARM.Deploy.0 = Debug|Any CPU
		{6BCB563B-ED4B-472A-997F-788798264CE8}.AppStore|iPhone.ActiveCfg = Debug|Any CPU
		{6BCB563B-ED4B-472A-997F-788798264CE8}.AppStore|iPhone.Build.0 = Debug|Any CPU
		{6BCB563B-ED4B-472A-997F-788798264CE8}.AppStore|iPhone.Deploy.0 = Debug|Any CPU
		{6BCB563B-ED4B-472A-997F-788798264CE8}.AppStore|iPhoneSimulator.ActiveCfg = Debug|Any CPU
		{6BCB563B-ED4B-472A-997F-788798264CE8}.AppStore|iPhoneSimulator.Build.0 = Debug|Any CPU
		{6BCB563B-ED4B-472A-997F-788798264CE8}.AppStore|iPhoneSimulator.Deploy.0 = Debug|Any CPU
		{6BCB563B-ED4B-472A-997F-788798264CE8}.AppStore|x64.ActiveCfg = Debug|Any CPU
		{6BCB563B-ED4B-472A-997F-788798264CE8}.AppStore|x64.Build.0 = Debug|Any CPU
		{6BCB563B-ED4B-472A-997F-788798264CE8}.AppStore|x64.Deploy.0 = Debug|Any CPU
		{6BCB563B-ED4B-472A-997F-788798264CE8}.AppStore|x86.ActiveCfg = Debug|Any CPU
		{6BCB563B-ED4B-472A-997F-788798264CE8}.AppStore|x86.Build.0 = Debug|Any CPU
		{6BCB563B-ED4B-472A-997F-788798264CE8}.AppStore|x86.Deploy.0 = Debug|Any CPU
		{6BCB563B-ED4B-472A-997F-788798264CE8}.Debug|Any CPU.ActiveCfg = Debug|Any CPU
		{6BCB563B-ED4B-472A-997F-788798264CE8}.Debug|Any CPU.Build.0 = Debug|Any CPU
		{6BCB563B-ED4B-472A-997F-788798264CE8}.Debug|Any CPU.Deploy.0 = Debug|Any CPU
		{6BCB563B-ED4B-472A-997F-788798264CE8}.Debug|ARM.ActiveCfg = Debug|Any CPU
		{6BCB563B-ED4B-472A-997F-788798264CE8}.Debug|ARM.Build.0 = Debug|Any CPU
		{6BCB563B-ED4B-472A-997F-788798264CE8}.Debug|ARM.Deploy.0 = Debug|Any CPU
		{6BCB563B-ED4B-472A-997F-788798264CE8}.Debug|iPhone.ActiveCfg = Debug|Any CPU
		{6BCB563B-ED4B-472A-997F-788798264CE8}.Debug|iPhone.Build.0 = Debug|Any CPU
		{6BCB563B-ED4B-472A-997F-788798264CE8}.Debug|iPhone.Deploy.0 = Debug|Any CPU
		{6BCB563B-ED4B-472A-997F-788798264CE8}.Debug|iPhoneSimulator.ActiveCfg = Debug|Any CPU
		{6BCB563B-ED4B-472A-997F-788798264CE8}.Debug|iPhoneSimulator.Build.0 = Debug|Any CPU
		{6BCB563B-ED4B-472A-997F-788798264CE8}.Debug|iPhoneSimulator.Deploy.0 = Debug|Any CPU
		{6BCB563B-ED4B-472A-997F-788798264CE8}.Debug|x64.ActiveCfg = Debug|Any CPU
		{6BCB563B-ED4B-472A-997F-788798264CE8}.Debug|x64.Build.0 = Debug|Any CPU
		{6BCB563B-ED4B-472A-997F-788798264CE8}.Debug|x64.Deploy.0 = Debug|Any CPU
		{6BCB563B-ED4B-472A-997F-788798264CE8}.Debug|x86.ActiveCfg = Debug|Any CPU
		{6BCB563B-ED4B-472A-997F-788798264CE8}.Debug|x86.Build.0 = Debug|Any CPU
		{6BCB563B-ED4B-472A-997F-788798264CE8}.Debug|x86.Deploy.0 = Debug|Any CPU
		{6BCB563B-ED4B-472A-997F-788798264CE8}.Release|Any CPU.ActiveCfg = Release|Any CPU
		{6BCB563B-ED4B-472A-997F-788798264CE8}.Release|Any CPU.Build.0 = Release|Any CPU
		{6BCB563B-ED4B-472A-997F-788798264CE8}.Release|Any CPU.Deploy.0 = Release|Any CPU
		{6BCB563B-ED4B-472A-997F-788798264CE8}.Release|ARM.ActiveCfg = Release|Any CPU
		{6BCB563B-ED4B-472A-997F-788798264CE8}.Release|ARM.Build.0 = Release|Any CPU
		{6BCB563B-ED4B-472A-997F-788798264CE8}.Release|ARM.Deploy.0 = Release|Any CPU
		{6BCB563B-ED4B-472A-997F-788798264CE8}.Release|iPhone.ActiveCfg = Release|Any CPU
		{6BCB563B-ED4B-472A-997F-788798264CE8}.Release|iPhone.Build.0 = Release|Any CPU
		{6BCB563B-ED4B-472A-997F-788798264CE8}.Release|iPhone.Deploy.0 = Release|Any CPU
		{6BCB563B-ED4B-472A-997F-788798264CE8}.Release|iPhoneSimulator.ActiveCfg = Release|Any CPU
		{6BCB563B-ED4B-472A-997F-788798264CE8}.Release|iPhoneSimulator.Build.0 = Release|Any CPU
		{6BCB563B-ED4B-472A-997F-788798264CE8}.Release|iPhoneSimulator.Deploy.0 = Release|Any CPU
		{6BCB563B-ED4B-472A-997F-788798264CE8}.Release|x64.ActiveCfg = Release|Any CPU
		{6BCB563B-ED4B-472A-997F-788798264CE8}.Release|x64.Build.0 = Release|Any CPU
		{6BCB563B-ED4B-472A-997F-788798264CE8}.Release|x64.Deploy.0 = Release|Any CPU
		{6BCB563B-ED4B-472A-997F-788798264CE8}.Release|x86.ActiveCfg = Release|Any CPU
		{6BCB563B-ED4B-472A-997F-788798264CE8}.Release|x86.Build.0 = Release|Any CPU
		{6BCB563B-ED4B-472A-997F-788798264CE8}.Release|x86.Deploy.0 = Release|Any CPU
	EndGlobalSection
	GlobalSection(SolutionProperties) = preSolution
		HideSolutionNode = FALSE
	EndGlobalSection
	GlobalSection(ExtensibilityGlobals) = postSolution
		SolutionGuid = {CCE1CA90-5C6B-452C-8AC4-C237832A8D50}
	EndGlobalSection
EndGlobal
